{
  "pins" : [
    {
      "identity" : "cwlcatchexception",
      "kind" : "remoteSourceControl",
      "location" : "https://github.com/mattgallagher/CwlCatchException.git",
      "state" : {
        "revision" : "07b2ba21d361c223e25e3c1e924288742923f08c",
        "version" : "2.2.1"
      }
    },
    {
      "identity" : "cwlpreconditiontesting",
      "kind" : "remoteSourceControl",
      "location" : "https://github.com/mattgallagher/CwlPreconditionTesting.git",
      "state" : {
        "revision" : "0139c665ebb45e6a9fbdb68aabfd7c39f3fe0071",
        "version" : "2.2.2"
      }
    },
    {
      "identity" : "ios-snapshot-test-case",
      "kind" : "remoteSourceControl",
      "location" : "https://github.com/uber/ios-snapshot-test-case.git",
      "state" : {
        "revision" : "7b10770333a961be6e5a41c9ce04b8c6d3990126",
        "version" : "8.0.0"
      }
    },
    {
      "identity" : "kingfisher",
      "kind" : "remoteSourceControl",
      "location" : "https://github.com/onevcat/Kingfisher",
      "state" : {
        "revision" : "1a0c2df04b31ed7aa318354f3583faea24f006fc",
        "version" : "5.15.8"
      }
    },
    {
      "identity" : "nimble",
      "kind" : "remoteSourceControl",
      "location" : "https://github.com/Quick/Nimble.git",
      "state" : {
        "revision" : "6416749c3c0488664fff6b42f8bf3ea8dc282ca1",
        "version" : "13.6.0"
      }
    },
    {
      "identity" : "nimble-snapshots",
      "kind" : "remoteSourceControl",
      "location" : "https://github.com/ashfurrow/Nimble-Snapshots",
      "state" : {
        "revision" : "6aba4acd318d2aae8158b5f8829a4329d023ce54",
        "version" : "9.8.0"
      }
    },
    {
      "identity" : "quick",
      "kind" : "remoteSourceControl",
      "location" : "https://github.com/Quick/Quick",
      "state" : {
        "revision" : "1163a1b1b114a657c7432b63dd1f92ce99fe11a6",
        "version" : "7.6.2"
      }
    },
    {
      "identity" : "sketchkit",
      "kind" : "remoteSourceControl",
      "location" : "https://github.com/dogo/SketchKit",
      "state" : {
        "revision" : "9fc2dd2bf706e39f7241c00c1ffa69883d11a302",
        "version" : "2.1.0"
      }
    },
    {
      "identity" : "swift-algorithms",
      "kind" : "remoteSourceControl",
      "location" : "https://github.com/apple/swift-algorithms.git",
      "state" : {
        "revision" : "f6919dfc309e7f1b56224378b11e28bab5bccc42",
        "version" : "1.2.0"
      }
    },
    {
      "identity" : "swift-argument-parser",
      "kind" : "remoteSourceControl",
      "location" : "https://github.com/apple/swift-argument-parser.git",
      "state" : {
        "revision" : "41982a3656a71c768319979febd796c6fd111d5c",
        "version" : "1.5.0"
      }
    },
    {
      "identity" : "swift-numerics",
      "kind" : "remoteSourceControl",
      "location" : "https://github.com/apple/swift-numerics.git",
      "state" : {
        "revision" : "0a5bc04095a675662cf24757cc0640aa2204253b",
        "version" : "1.0.2"
      }
    }
  ],
  "version" : 2
}
