{
  "pins" : [
    {
      "identity" : "cwlcatchexception",
      "kind" : "remoteSourceControl",
      "location" : "https://github.com/mattgallagher/CwlCatchException.git",
      "state" : {
        "revision" : "07b2ba21d361c223e25e3c1e924288742923f08c",
        "version" : "2.2.1"
      }
    },
    {
      "identity" : "cwlpreconditiontesting",
      "kind" : "remoteSourceControl",
      "location" : "https://github.com/mattgallagher/CwlPreconditionTesting.git",
      "state" : {
        "revision" : "0139c665ebb45e6a9fbdb68aabfd7c39f3fe0071",
        "version" : "2.2.2"
      }
    },
    {
      "identity" : "ios-snapshot-test-case",
      "kind" : "remoteSourceControl",
      "location" : "https://github.com/uber/ios-snapshot-test-case.git",
      "state" : {
        "revision" : "7b10770333a961be6e5a41c9ce04b8c6d3990126",
        "version" : "8.0.0"
      }
    },
    {
      "identity" : "kingfisher",
      "kind" : "remoteSourceControl",
      "location" : "https://github.com/onevcat/Kingfisher",
      "state" : {
        "revision" : "1a0c2df04b31ed7aa318354f3583faea24f006fc",
        "version" : "5.15.8"
      }
    },
    {
      "identity" : "nimble",
      "kind" : "remoteSourceControl",
      "location" : "https://github.com/Quick/Nimble.git",
      "state" : {
        "revision" : "f552a16f434eef1f18b62985172489f41d37a18e",
        "version" : "12.2.0"
      }
    },
    {
      "identity" : "nimble-snapshots",
      "kind" : "remoteSourceControl",
      "location" : "https://github.com/ashfurrow/Nimble-Snapshots",
      "state" : {
        "revision" : "9e4ab0a00b3d0f1d6d2d358e5886532f87503d10"
      }
    },
    {
      "identity" : "quick",
      "kind" : "remoteSourceControl",
      "location" : "https://github.com/Quick/Quick",
      "state" : {
        "revision" : "494eff9ad74a37047782b0d5d8d84c7ff49a60e4",
        "version" : "7.2.0"
      }
    },
    {
      "identity" : "sketchkit",
      "kind" : "remoteSourceControl",
      "location" : "https://github.com/dogo/SketchKit",
      "state" : {
        "revision" : "9fc2dd2bf706e39f7241c00c1ffa69883d11a302",
        "version" : "2.1.0"
      }
    }
  ],
  "version" : 2
}
