// !$*UTF8*$!
{
	archiveVersion = 1;
	classes = {
	};
	objectVersion = 52;
	objects = {

/* Begin PBXBuildFile section */
		DD5639EF23A83AEA007B1B06 /* XWing.swift in Sources */ = {isa = PBXBuildFile; fileRef = DD5639EE23A83AEA007B1B06 /* XWing.swift */; };
		DD5639F123A84451007B1B06 /* Starship.swift in Sources */ = {isa = PBXBuildFile; fileRef = DD5639F023A84451007B1B06 /* Starship.swift */; };
		DD5639F823A846A6007B1B06 /* FactionsTableView.swift in Sources */ = {isa = PBXBuildFile; fileRef = DD5639F723A846A6007B1B06 /* FactionsTableView.swift */; };
		DD5639FA23A846E6007B1B06 /* StarshipTableCell.swift in Sources */ = {isa = PBXBuildFile; fileRef = DD5639F923A846E6007B1B06 /* StarshipTableCell.swift */; };
		DD82E4C923A5A56C00141179 /* AppDelegate.swift in Sources */ = {isa = PBXBuildFile; fileRef = DD82E4C823A5A56C00141179 /* AppDelegate.swift */; };
		DD82E4CB23A5A56C00141179 /* SceneDelegate.swift in Sources */ = {isa = PBXBuildFile; fileRef = DD82E4CA23A5A56C00141179 /* SceneDelegate.swift */; };
		DD82E4CD23A5A56C00141179 /* FactionsViewController.swift in Sources */ = {isa = PBXBuildFile; fileRef = DD82E4CC23A5A56C00141179 /* FactionsViewController.swift */; };
		DD82E4D523A5A56E00141179 /* Assets.xcassets in Resources */ = {isa = PBXBuildFile; fileRef = DD82E4D423A5A56E00141179 /* Assets.xcassets */; };
		DD82E4D823A5A56E00141179 /* LaunchScreen.storyboard in Resources */ = {isa = PBXBuildFile; fileRef = DD82E4D623A5A56E00141179 /* LaunchScreen.storyboard */; };
		DD82E4E323A5A56E00141179 /* X_WingDialTests.swift in Sources */ = {isa = PBXBuildFile; fileRef = DD82E4E223A5A56E00141179 /* X_WingDialTests.swift */; };
		DDD0931E23A847BB000807B5 /* Reusable in Frameworks */ = {isa = PBXBuildFile; productRef = DDD0931D23A847BB000807B5 /* Reusable */; };
		DDD0932123A84800000807B5 /* FactionsDatasource.swift in Sources */ = {isa = PBXBuildFile; fileRef = DDD0932023A84800000807B5 /* FactionsDatasource.swift */; };
		DDD0932E23A93FF8000807B5 /* XWingTabBarViewController.swift in Sources */ = {isa = PBXBuildFile; fileRef = DDD0932D23A93FF8000807B5 /* XWingTabBarViewController.swift */; };
		DDD0933023A9404F000807B5 /* main.swift in Sources */ = {isa = PBXBuildFile; fileRef = DDD0932F23A9404F000807B5 /* main.swift */; };
		DDD0933323A989F6000807B5 /* Kingfisher in Frameworks */ = {isa = PBXBuildFile; productRef = DDD0933223A989F6000807B5 /* Kingfisher */; };
		DDD0933623A98F58000807B5 /* SectionsBuilder.swift in Sources */ = {isa = PBXBuildFile; fileRef = DDD0933523A98F58000807B5 /* SectionsBuilder.swift */; };
		DDD0933823A99096000807B5 /* Split.swift in Sources */ = {isa = PBXBuildFile; fileRef = DDD0933723A99096000807B5 /* Split.swift */; };
		DDD0933A23A99BBA000807B5 /* FactionHeaderView.swift in Sources */ = {isa = PBXBuildFile; fileRef = DDD0933923A99BBA000807B5 /* FactionHeaderView.swift */; };
		DDD0934023A9A445000807B5 /* DialViewController.swift in Sources */ = {isa = PBXBuildFile; fileRef = DDD0933F23A9A445000807B5 /* DialViewController.swift */; };
		DDD0934423A9A4F8000807B5 /* DialView.swift in Sources */ = {isa = PBXBuildFile; fileRef = DDD0934323A9A4F8000807B5 /* DialView.swift */; };
		DDD0934623A9A753000807B5 /* BaseDelegate.swift in Sources */ = {isa = PBXBuildFile; fileRef = DDD0934523A9A753000807B5 /* BaseDelegate.swift */; };
		DDFD44E223A67DB2001E6004 /* SketchKit in Frameworks */ = {isa = PBXBuildFile; productRef = DDFD44E123A67DB2001E6004 /* SketchKit */; };
		DDFD44E723A67E57001E6004 /* BaseViewConfiguration.swift in Sources */ = {isa = PBXBuildFile; fileRef = DDFD44E623A67E57001E6004 /* BaseViewConfiguration.swift */; };
		DDFD44F823A68443001E6004 /* APIError.swift in Sources */ = {isa = PBXBuildFile; fileRef = DDFD44F023A68443001E6004 /* APIError.swift */; };
		DDFD44F923A68443001E6004 /* APIClient.swift in Sources */ = {isa = PBXBuildFile; fileRef = DDFD44F123A68443001E6004 /* APIClient.swift */; };
		DDFD44FA23A68443001E6004 /* HTTPMethod.swift in Sources */ = {isa = PBXBuildFile; fileRef = DDFD44F223A68443001E6004 /* HTTPMethod.swift */; };
		DDFD44FB23A68443001E6004 /* HttpStatusCode.swift in Sources */ = {isa = PBXBuildFile; fileRef = DDFD44F323A68443001E6004 /* HttpStatusCode.swift */; };
		DDFD450023A684EC001E6004 /* XWingAPI.swift in Sources */ = {isa = PBXBuildFile; fileRef = DDFD44FC23A684EC001E6004 /* XWingAPI.swift */; };
		DDFD450123A684EC001E6004 /* XWingRoute.swift in Sources */ = {isa = PBXBuildFile; fileRef = DDFD44FD23A684EC001E6004 /* XWingRoute.swift */; };
		DDFD450223A684EC001E6004 /* XWingService.swift in Sources */ = {isa = PBXBuildFile; fileRef = DDFD44FE23A684EC001E6004 /* XWingService.swift */; };
		DDFD450323A684EC001E6004 /* XWingServiceImpl.swift in Sources */ = {isa = PBXBuildFile; fileRef = DDFD44FF23A684EC001E6004 /* XWingServiceImpl.swift */; };
/* End PBXBuildFile section */

/* Begin PBXContainerItemProxy section */
		DD82E4DF23A5A56E00141179 /* PBXContainerItemProxy */ = {
			isa = PBXContainerItemProxy;
			containerPortal = DD82E4BD23A5A56C00141179 /* Project object */;
			proxyType = 1;
			remoteGlobalIDString = DD82E4C423A5A56C00141179;
			remoteInfo = "X-WingDial";
		};
/* End PBXContainerItemProxy section */

/* Begin PBXFileReference section */
		DD5639EE23A83AEA007B1B06 /* XWing.swift */ = {isa = PBXFileReference; lastKnownFileType = sourcecode.swift; path = XWing.swift; sourceTree = "<group>"; };
		DD5639F023A84451007B1B06 /* Starship.swift */ = {isa = PBXFileReference; lastKnownFileType = sourcecode.swift; path = Starship.swift; sourceTree = "<group>"; };
		DD5639F723A846A6007B1B06 /* FactionsTableView.swift */ = {isa = PBXFileReference; lastKnownFileType = sourcecode.swift; path = FactionsTableView.swift; sourceTree = "<group>"; };
		DD5639F923A846E6007B1B06 /* StarshipTableCell.swift */ = {isa = PBXFileReference; lastKnownFileType = sourcecode.swift; path = StarshipTableCell.swift; sourceTree = "<group>"; };
		DD82E4C523A5A56C00141179 /* X-WingDial.app */ = {isa = PBXFileReference; explicitFileType = wrapper.application; includeInIndex = 0; path = "X-WingDial.app"; sourceTree = BUILT_PRODUCTS_DIR; };
		DD82E4C823A5A56C00141179 /* AppDelegate.swift */ = {isa = PBXFileReference; lastKnownFileType = sourcecode.swift; path = AppDelegate.swift; sourceTree = "<group>"; };
		DD82E4CA23A5A56C00141179 /* SceneDelegate.swift */ = {isa = PBXFileReference; lastKnownFileType = sourcecode.swift; path = SceneDelegate.swift; sourceTree = "<group>"; };
		DD82E4CC23A5A56C00141179 /* FactionsViewController.swift */ = {isa = PBXFileReference; lastKnownFileType = sourcecode.swift; path = FactionsViewController.swift; sourceTree = "<group>"; };
		DD82E4D423A5A56E00141179 /* Assets.xcassets */ = {isa = PBXFileReference; lastKnownFileType = folder.assetcatalog; path = Assets.xcassets; sourceTree = "<group>"; };
		DD82E4D723A5A56E00141179 /* Base */ = {isa = PBXFileReference; lastKnownFileType = file.storyboard; name = Base; path = Base.lproj/LaunchScreen.storyboard; sourceTree = "<group>"; };
		DD82E4D923A5A56E00141179 /* Info.plist */ = {isa = PBXFileReference; lastKnownFileType = text.plist.xml; path = Info.plist; sourceTree = "<group>"; };
		DD82E4DE23A5A56E00141179 /* X-WingDialTests.xctest */ = {isa = PBXFileReference; explicitFileType = wrapper.cfbundle; includeInIndex = 0; path = "X-WingDialTests.xctest"; sourceTree = BUILT_PRODUCTS_DIR; };
		DD82E4E223A5A56E00141179 /* X_WingDialTests.swift */ = {isa = PBXFileReference; lastKnownFileType = sourcecode.swift; path = X_WingDialTests.swift; sourceTree = "<group>"; };
		DD82E4E423A5A56E00141179 /* Info.plist */ = {isa = PBXFileReference; lastKnownFileType = text.plist.xml; path = Info.plist; sourceTree = "<group>"; };
		DDD0932023A84800000807B5 /* FactionsDatasource.swift */ = {isa = PBXFileReference; lastKnownFileType = sourcecode.swift; path = FactionsDatasource.swift; sourceTree = "<group>"; };
		DDD0932D23A93FF8000807B5 /* XWingTabBarViewController.swift */ = {isa = PBXFileReference; fileEncoding = 4; lastKnownFileType = sourcecode.swift; path = XWingTabBarViewController.swift; sourceTree = "<group>"; };
		DDD0932F23A9404F000807B5 /* main.swift */ = {isa = PBXFileReference; fileEncoding = 4; lastKnownFileType = sourcecode.swift; path = main.swift; sourceTree = "<group>"; };
		DDD0933523A98F58000807B5 /* SectionsBuilder.swift */ = {isa = PBXFileReference; lastKnownFileType = sourcecode.swift; path = SectionsBuilder.swift; sourceTree = "<group>"; };
		DDD0933723A99096000807B5 /* Split.swift */ = {isa = PBXFileReference; lastKnownFileType = sourcecode.swift; path = Split.swift; sourceTree = "<group>"; };
		DDD0933923A99BBA000807B5 /* FactionHeaderView.swift */ = {isa = PBXFileReference; lastKnownFileType = sourcecode.swift; path = FactionHeaderView.swift; sourceTree = "<group>"; };
		DDD0933F23A9A445000807B5 /* DialViewController.swift */ = {isa = PBXFileReference; lastKnownFileType = sourcecode.swift; path = DialViewController.swift; sourceTree = "<group>"; };
		DDD0934323A9A4F8000807B5 /* DialView.swift */ = {isa = PBXFileReference; lastKnownFileType = sourcecode.swift; path = DialView.swift; sourceTree = "<group>"; };
		DDD0934523A9A753000807B5 /* BaseDelegate.swift */ = {isa = PBXFileReference; lastKnownFileType = sourcecode.swift; path = BaseDelegate.swift; sourceTree = "<group>"; };
		DDFD44E623A67E57001E6004 /* BaseViewConfiguration.swift */ = {isa = PBXFileReference; fileEncoding = 4; lastKnownFileType = sourcecode.swift; path = BaseViewConfiguration.swift; sourceTree = "<group>"; };
		DDFD44F023A68443001E6004 /* APIError.swift */ = {isa = PBXFileReference; fileEncoding = 4; lastKnownFileType = sourcecode.swift; path = APIError.swift; sourceTree = "<group>"; };
		DDFD44F123A68443001E6004 /* APIClient.swift */ = {isa = PBXFileReference; fileEncoding = 4; lastKnownFileType = sourcecode.swift; path = APIClient.swift; sourceTree = "<group>"; };
		DDFD44F223A68443001E6004 /* HTTPMethod.swift */ = {isa = PBXFileReference; fileEncoding = 4; lastKnownFileType = sourcecode.swift; path = HTTPMethod.swift; sourceTree = "<group>"; };
		DDFD44F323A68443001E6004 /* HttpStatusCode.swift */ = {isa = PBXFileReference; fileEncoding = 4; lastKnownFileType = sourcecode.swift; path = HttpStatusCode.swift; sourceTree = "<group>"; };
		DDFD44FC23A684EC001E6004 /* XWingAPI.swift */ = {isa = PBXFileReference; fileEncoding = 4; lastKnownFileType = sourcecode.swift; path = XWingAPI.swift; sourceTree = "<group>"; };
		DDFD44FD23A684EC001E6004 /* XWingRoute.swift */ = {isa = PBXFileReference; fileEncoding = 4; lastKnownFileType = sourcecode.swift; path = XWingRoute.swift; sourceTree = "<group>"; };
		DDFD44FE23A684EC001E6004 /* XWingService.swift */ = {isa = PBXFileReference; fileEncoding = 4; lastKnownFileType = sourcecode.swift; path = XWingService.swift; sourceTree = "<group>"; };
		DDFD44FF23A684EC001E6004 /* XWingServiceImpl.swift */ = {isa = PBXFileReference; fileEncoding = 4; lastKnownFileType = sourcecode.swift; path = XWingServiceImpl.swift; sourceTree = "<group>"; };
/* End PBXFileReference section */

/* Begin PBXFrameworksBuildPhase section */
		DD82E4C223A5A56C00141179 /* Frameworks */ = {
			isa = PBXFrameworksBuildPhase;
			buildActionMask = 2147483647;
			files = (
				DDD0933323A989F6000807B5 /* Kingfisher in Frameworks */,
				DDFD44E223A67DB2001E6004 /* SketchKit in Frameworks */,
				DDD0931E23A847BB000807B5 /* Reusable in Frameworks */,
			);
			runOnlyForDeploymentPostprocessing = 0;
		};
		DD82E4DB23A5A56E00141179 /* Frameworks */ = {
			isa = PBXFrameworksBuildPhase;
			buildActionMask = 2147483647;
			files = (
			);
			runOnlyForDeploymentPostprocessing = 0;
		};
/* End PBXFrameworksBuildPhase section */

/* Begin PBXGroup section */
		DD5639F223A84637007B1B06 /* Screens */ = {
			isa = PBXGroup;
			children = (
				DDD0933E23A9A434000807B5 /* Dial */,
				DD5639F423A8464D007B1B06 /* Factions */,
				DDD0932923A93EFD000807B5 /* TabBar */,
			);
			name = Screens;
			sourceTree = "<group>";
		};
		DD5639F423A8464D007B1B06 /* Factions */ = {
			isa = PBXGroup;
			children = (
				DD5639F523A84660007B1B06 /* Controller */,
				DDD0931F23A847EE000807B5 /* Datasource */,
				DD5639F623A84678007B1B06 /* View */,
			);
			path = Factions;
			sourceTree = "<group>";
		};
		DD5639F523A84660007B1B06 /* Controller */ = {
			isa = PBXGroup;
			children = (
				DD82E4CC23A5A56C00141179 /* FactionsViewController.swift */,
			);
			path = Controller;
			sourceTree = "<group>";
		};
		DD5639F623A84678007B1B06 /* View */ = {
			isa = PBXGroup;
			children = (
				DD5639F723A846A6007B1B06 /* FactionsTableView.swift */,
				DD5639F923A846E6007B1B06 /* StarshipTableCell.swift */,
				DDD0933923A99BBA000807B5 /* FactionHeaderView.swift */,
			);
			path = View;
			sourceTree = "<group>";
		};
		DD82E4BC23A5A56C00141179 = {
			isa = PBXGroup;
			children = (
				DD82E4C723A5A56C00141179 /* X-WingDial */,
				DD82E4E123A5A56E00141179 /* X-WingDialTests */,
				DD82E4C623A5A56C00141179 /* Products */,
			);
			sourceTree = "<group>";
		};
		DD82E4C623A5A56C00141179 /* Products */ = {
			isa = PBXGroup;
			children = (
				DD82E4C523A5A56C00141179 /* X-WingDial.app */,
				DD82E4DE23A5A56E00141179 /* X-WingDialTests.xctest */,
			);
			name = Products;
			sourceTree = "<group>";
		};
		DD82E4C723A5A56C00141179 /* X-WingDial */ = {
			isa = PBXGroup;
			children = (
				DDFD44E323A67DBB001E6004 /* Classes */,
				DD82E4D923A5A56E00141179 /* Info.plist */,
				DD82E4D423A5A56E00141179 /* Assets.xcassets */,
				DD82E4D623A5A56E00141179 /* LaunchScreen.storyboard */,
			);
			path = "X-WingDial";
			sourceTree = "<group>";
		};
		DD82E4E123A5A56E00141179 /* X-WingDialTests */ = {
			isa = PBXGroup;
			children = (
				DD82E4E223A5A56E00141179 /* X_WingDialTests.swift */,
				DD82E4E423A5A56E00141179 /* Info.plist */,
			);
			path = "X-WingDialTests";
			sourceTree = "<group>";
		};
		DDD0931F23A847EE000807B5 /* Datasource */ = {
			isa = PBXGroup;
			children = (
				DDD0932023A84800000807B5 /* FactionsDatasource.swift */,
			);
			path = Datasource;
			sourceTree = "<group>";
		};
		DDD0932923A93EFD000807B5 /* TabBar */ = {
			isa = PBXGroup;
			children = (
				DDD0932A23A93EFD000807B5 /* ViewController */,
			);
			path = TabBar;
			sourceTree = "<group>";
		};
		DDD0932A23A93EFD000807B5 /* ViewController */ = {
			isa = PBXGroup;
			children = (
				DDD0932D23A93FF8000807B5 /* XWingTabBarViewController.swift */,
			);
			path = ViewController;
			sourceTree = "<group>";
		};
		DDD0933423A98F4E000807B5 /* Util */ = {
			isa = PBXGroup;
			children = (
				DDD0933523A98F58000807B5 /* SectionsBuilder.swift */,
				DDD0933723A99096000807B5 /* Split.swift */,
			);
			path = Util;
			sourceTree = "<group>";
		};
		DDD0933E23A9A434000807B5 /* Dial */ = {
			isa = PBXGroup;
			children = (
				DDD0934123A9A449000807B5 /* Controller */,
				DDD0934223A9A4EE000807B5 /* View */,
			);
			path = Dial;
			sourceTree = "<group>";
		};
		DDD0934123A9A449000807B5 /* Controller */ = {
			isa = PBXGroup;
			children = (
				DDD0933F23A9A445000807B5 /* DialViewController.swift */,
			);
			path = Controller;
			sourceTree = "<group>";
		};
		DDD0934223A9A4EE000807B5 /* View */ = {
			isa = PBXGroup;
			children = (
				DDD0934323A9A4F8000807B5 /* DialView.swift */,
			);
			path = View;
			sourceTree = "<group>";
		};
		DDD0934723A9A760000807B5 /* Protocol */ = {
			isa = PBXGroup;
			children = (
				DDD0934523A9A753000807B5 /* BaseDelegate.swift */,
			);
			path = Protocol;
			sourceTree = "<group>";
		};
		DDFD44D423A67C10001E6004 /* Model */ = {
			isa = PBXGroup;
			children = (
				DD5639EE23A83AEA007B1B06 /* XWing.swift */,
				DD5639F023A84451007B1B06 /* Starship.swift */,
			);
			path = Model;
			sourceTree = "<group>";
		};
		DDFD44DF23A67D4A001E6004 /* AppDelegate */ = {
			isa = PBXGroup;
			children = (
				DDD0932F23A9404F000807B5 /* main.swift */,
				DD82E4C823A5A56C00141179 /* AppDelegate.swift */,
				DD82E4CA23A5A56C00141179 /* SceneDelegate.swift */,
			);
			path = AppDelegate;
			sourceTree = "<group>";
		};
		DDFD44E323A67DBB001E6004 /* Classes */ = {
			isa = PBXGroup;
			children = (
				DDD0933423A98F4E000807B5 /* Util */,
				DDFD44DF23A67D4A001E6004 /* AppDelegate */,
				DDFD44E423A67E23001E6004 /* Base */,
				DDFD44D423A67C10001E6004 /* Model */,
				DDFD44EA23A68443001E6004 /* Rest */,
				DD5639F223A84637007B1B06 /* Screens */,
			);
			path = Classes;
			sourceTree = "<group>";
		};
		DDFD44E423A67E23001E6004 /* Base */ = {
			isa = PBXGroup;
			children = (
				DDD0934723A9A760000807B5 /* Protocol */,
				DDFD44E523A67E2A001E6004 /* View */,
			);
			path = Base;
			sourceTree = "<group>";
		};
		DDFD44E523A67E2A001E6004 /* View */ = {
			isa = PBXGroup;
			children = (
				DDFD44E623A67E57001E6004 /* BaseViewConfiguration.swift */,
			);
			path = View;
			sourceTree = "<group>";
		};
		DDFD44EA23A68443001E6004 /* Rest */ = {
			isa = PBXGroup;
			children = (
				DDFD44FC23A684EC001E6004 /* XWingAPI.swift */,
				DDFD44FD23A684EC001E6004 /* XWingRoute.swift */,
				DDFD44FE23A684EC001E6004 /* XWingService.swift */,
				DDFD44FF23A684EC001E6004 /* XWingServiceImpl.swift */,
				DDFD44EF23A68443001E6004 /* Base */,
			);
			path = Rest;
			sourceTree = "<group>";
		};
		DDFD44EF23A68443001E6004 /* Base */ = {
			isa = PBXGroup;
			children = (
				DDFD44F023A68443001E6004 /* APIError.swift */,
				DDFD44F123A68443001E6004 /* APIClient.swift */,
				DDFD44F223A68443001E6004 /* HTTPMethod.swift */,
				DDFD44F323A68443001E6004 /* HttpStatusCode.swift */,
			);
			path = Base;
			sourceTree = "<group>";
		};
/* End PBXGroup section */

/* Begin PBXNativeTarget section */
		DD82E4C423A5A56C00141179 /* X-WingDial */ = {
			isa = PBXNativeTarget;
			buildConfigurationList = DD82E4E723A5A56E00141179 /* Build configuration list for PBXNativeTarget "X-WingDial" */;
			buildPhases = (
				DD82E4C123A5A56C00141179 /* Sources */,
				DD82E4C223A5A56C00141179 /* Frameworks */,
				DD82E4C323A5A56C00141179 /* Resources */,
			);
			buildRules = (
			);
			dependencies = (
			);
			name = "X-WingDial";
			packageProductDependencies = (
				DDFD44E123A67DB2001E6004 /* SketchKit */,
				DDD0931D23A847BB000807B5 /* Reusable */,
				DDD0933223A989F6000807B5 /* Kingfisher */,
			);
			productName = "X-WingDial";
			productReference = DD82E4C523A5A56C00141179 /* X-WingDial.app */;
			productType = "com.apple.product-type.application";
		};
		DD82E4DD23A5A56E00141179 /* X-WingDialTests */ = {
			isa = PBXNativeTarget;
			buildConfigurationList = DD82E4EA23A5A56E00141179 /* Build configuration list for PBXNativeTarget "X-WingDialTests" */;
			buildPhases = (
				DD82E4DA23A5A56E00141179 /* Sources */,
				DD82E4DB23A5A56E00141179 /* Frameworks */,
				DD82E4DC23A5A56E00141179 /* Resources */,
			);
			buildRules = (
			);
			dependencies = (
				DD82E4E023A5A56E00141179 /* PBXTargetDependency */,
			);
			name = "X-WingDialTests";
			productName = "X-WingDialTests";
			productReference = DD82E4DE23A5A56E00141179 /* X-WingDialTests.xctest */;
			productType = "com.apple.product-type.bundle.unit-test";
		};
/* End PBXNativeTarget section */

/* Begin PBXProject section */
		DD82E4BD23A5A56C00141179 /* Project object */ = {
			isa = PBXProject;
			attributes = {
				LastSwiftUpdateCheck = 1130;
				LastUpgradeCheck = 1130;
				ORGANIZATIONNAME = "Diogo Autilio";
				TargetAttributes = {
					DD82E4C423A5A56C00141179 = {
						CreatedOnToolsVersion = 11.3;
					};
					DD82E4DD23A5A56E00141179 = {
						CreatedOnToolsVersion = 11.3;
						TestTargetID = DD82E4C423A5A56C00141179;
					};
				};
			};
			buildConfigurationList = DD82E4C023A5A56C00141179 /* Build configuration list for PBXProject "X-WingDial" */;
			compatibilityVersion = "Xcode 9.3";
			developmentRegion = en;
			hasScannedForEncodings = 0;
			knownRegions = (
				en,
				Base,
			);
			mainGroup = DD82E4BC23A5A56C00141179;
			packageReferences = (
				DDFD44E023A67DB2001E6004 /* XCRemoteSwiftPackageReference "SketchKit" */,
				DDD0931C23A847BB000807B5 /* XCRemoteSwiftPackageReference "Reusable" */,
				DDD0933123A989F6000807B5 /* XCRemoteSwiftPackageReference "Kingfisher" */,
			);
			productRefGroup = DD82E4C623A5A56C00141179 /* Products */;
			projectDirPath = "";
			projectRoot = "";
			targets = (
				DD82E4C423A5A56C00141179 /* X-WingDial */,
				DD82E4DD23A5A56E00141179 /* X-WingDialTests */,
			);
		};
/* End PBXProject section */

/* Begin PBXResourcesBuildPhase section */
		DD82E4C323A5A56C00141179 /* Resources */ = {
			isa = PBXResourcesBuildPhase;
			buildActionMask = 2147483647;
			files = (
				DD82E4D823A5A56E00141179 /* LaunchScreen.storyboard in Resources */,
				DD82E4D523A5A56E00141179 /* Assets.xcassets in Resources */,
			);
			runOnlyForDeploymentPostprocessing = 0;
		};
		DD82E4DC23A5A56E00141179 /* Resources */ = {
			isa = PBXResourcesBuildPhase;
			buildActionMask = 2147483647;
			files = (
			);
			runOnlyForDeploymentPostprocessing = 0;
		};
/* End PBXResourcesBuildPhase section */

/* Begin PBXSourcesBuildPhase section */
		DD82E4C123A5A56C00141179 /* Sources */ = {
			isa = PBXSourcesBuildPhase;
			buildActionMask = 2147483647;
			files = (
				DD82E4CD23A5A56C00141179 /* FactionsViewController.swift in Sources */,
				DD5639FA23A846E6007B1B06 /* StarshipTableCell.swift in Sources */,
				DDD0933A23A99BBA000807B5 /* FactionHeaderView.swift in Sources */,
				DD5639F123A84451007B1B06 /* Starship.swift in Sources */,
				DDFD450323A684EC001E6004 /* XWingServiceImpl.swift in Sources */,
				DDD0932E23A93FF8000807B5 /* XWingTabBarViewController.swift in Sources */,
				DD82E4C923A5A56C00141179 /* AppDelegate.swift in Sources */,
				DDFD44F923A68443001E6004 /* APIClient.swift in Sources */,
				DDD0934023A9A445000807B5 /* DialViewController.swift in Sources */,
				DDD0933823A99096000807B5 /* Split.swift in Sources */,
				DDFD44FB23A68443001E6004 /* HttpStatusCode.swift in Sources */,
				DD5639F823A846A6007B1B06 /* FactionsTableView.swift in Sources */,
				DDFD44E723A67E57001E6004 /* BaseViewConfiguration.swift in Sources */,
				DDFD450123A684EC001E6004 /* XWingRoute.swift in Sources */,
				DDD0932123A84800000807B5 /* FactionsDatasource.swift in Sources */,
				DDFD450023A684EC001E6004 /* XWingAPI.swift in Sources */,
				DD5639EF23A83AEA007B1B06 /* XWing.swift in Sources */,
				DDFD44FA23A68443001E6004 /* HTTPMethod.swift in Sources */,
				DDD0933023A9404F000807B5 /* main.swift in Sources */,
				DDFD450223A684EC001E6004 /* XWingService.swift in Sources */,
				DD82E4CB23A5A56C00141179 /* SceneDelegate.swift in Sources */,
				DDFD44F823A68443001E6004 /* APIError.swift in Sources */,
				DDD0934423A9A4F8000807B5 /* DialView.swift in Sources */,
				DDD0933623A98F58000807B5 /* SectionsBuilder.swift in Sources */,
				DDD0934623A9A753000807B5 /* BaseDelegate.swift in Sources */,
			);
			runOnlyForDeploymentPostprocessing = 0;
		};
		DD82E4DA23A5A56E00141179 /* Sources */ = {
			isa = PBXSourcesBuildPhase;
			buildActionMask = 2147483647;
			files = (
				DD82E4E323A5A56E00141179 /* X_WingDialTests.swift in Sources */,
			);
			runOnlyForDeploymentPostprocessing = 0;
		};
/* End PBXSourcesBuildPhase section */

/* Begin PBXTargetDependency section */
		DD82E4E023A5A56E00141179 /* PBXTargetDependency */ = {
			isa = PBXTargetDependency;
			target = DD82E4C423A5A56C00141179 /* X-WingDial */;
			targetProxy = DD82E4DF23A5A56E00141179 /* PBXContainerItemProxy */;
		};
/* End PBXTargetDependency section */

/* Begin PBXVariantGroup section */
		DD82E4D623A5A56E00141179 /* LaunchScreen.storyboard */ = {
			isa = PBXVariantGroup;
			children = (
				DD82E4D723A5A56E00141179 /* Base */,
			);
			name = LaunchScreen.storyboard;
			sourceTree = "<group>";
		};
/* End PBXVariantGroup section */

/* Begin XCBuildConfiguration section */
		DD82E4E523A5A56E00141179 /* Debug */ = {
			isa = XCBuildConfiguration;
			buildSettings = {
				ALWAYS_SEARCH_USER_PATHS = NO;
				CLANG_ANALYZER_NONNULL = YES;
				CLANG_ANALYZER_NUMBER_OBJECT_CONVERSION = YES_AGGRESSIVE;
				CLANG_CXX_LANGUAGE_STANDARD = "gnu++14";
				CLANG_CXX_LIBRARY = "libc++";
				CLANG_ENABLE_MODULES = YES;
				CLANG_ENABLE_OBJC_ARC = YES;
				CLANG_ENABLE_OBJC_WEAK = YES;
				CLANG_WARN_BLOCK_CAPTURE_AUTORELEASING = YES;
				CLANG_WARN_BOOL_CONVERSION = YES;
				CLANG_WARN_COMMA = YES;
				CLANG_WARN_CONSTANT_CONVERSION = YES;
				CLANG_WARN_DEPRECATED_OBJC_IMPLEMENTATIONS = YES;
				CLANG_WARN_DIRECT_OBJC_ISA_USAGE = YES_ERROR;
				CLANG_WARN_DOCUMENTATION_COMMENTS = YES;
				CLANG_WARN_EMPTY_BODY = YES;
				CLANG_WARN_ENUM_CONVERSION = YES;
				CLANG_WARN_INFINITE_RECURSION = YES;
				CLANG_WARN_INT_CONVERSION = YES;
				CLANG_WARN_NON_LITERAL_NULL_CONVERSION = YES;
				CLANG_WARN_OBJC_IMPLICIT_RETAIN_SELF = YES;
				CLANG_WARN_OBJC_LITERAL_CONVERSION = YES;
				CLANG_WARN_OBJC_ROOT_CLASS = YES_ERROR;
				CLANG_WARN_RANGE_LOOP_ANALYSIS = YES;
				CLANG_WARN_STRICT_PROTOTYPES = YES;
				CLANG_WARN_SUSPICIOUS_MOVE = YES;
				CLANG_WARN_UNGUARDED_AVAILABILITY = YES_AGGRESSIVE;
				CLANG_WARN_UNREACHABLE_CODE = YES;
				CLANG_WARN__DUPLICATE_METHOD_MATCH = YES;
				COPY_PHASE_STRIP = NO;
				DEBUG_INFORMATION_FORMAT = dwarf;
				ENABLE_STRICT_OBJC_MSGSEND = YES;
				ENABLE_TESTABILITY = YES;
				GCC_C_LANGUAGE_STANDARD = gnu11;
				GCC_DYNAMIC_NO_PIC = NO;
				GCC_NO_COMMON_BLOCKS = YES;
				GCC_OPTIMIZATION_LEVEL = 0;
				GCC_PREPROCESSOR_DEFINITIONS = (
					"DEBUG=1",
					"$(inherited)",
				);
				GCC_WARN_64_TO_32_BIT_CONVERSION = YES;
				GCC_WARN_ABOUT_RETURN_TYPE = YES_ERROR;
				GCC_WARN_UNDECLARED_SELECTOR = YES;
				GCC_WARN_UNINITIALIZED_AUTOS = YES_AGGRESSIVE;
				GCC_WARN_UNUSED_FUNCTION = YES;
				GCC_WARN_UNUSED_VARIABLE = YES;
				IPHONEOS_DEPLOYMENT_TARGET = 13.2;
				MTL_ENABLE_DEBUG_INFO = INCLUDE_SOURCE;
				MTL_FAST_MATH = YES;
				ONLY_ACTIVE_ARCH = YES;
				SDKROOT = iphoneos;
				SWIFT_ACTIVE_COMPILATION_CONDITIONS = DEBUG;
				SWIFT_OPTIMIZATION_LEVEL = "-Onone";
			};
			name = Debug;
		};
		DD82E4E623A5A56E00141179 /* Release */ = {
			isa = XCBuildConfiguration;
			buildSettings = {
				ALWAYS_SEARCH_USER_PATHS = NO;
				CLANG_ANALYZER_NONNULL = YES;
				CLANG_ANALYZER_NUMBER_OBJECT_CONVERSION = YES_AGGRESSIVE;
				CLANG_CXX_LANGUAGE_STANDARD = "gnu++14";
				CLANG_CXX_LIBRARY = "libc++";
				CLANG_ENABLE_MODULES = YES;
				CLANG_ENABLE_OBJC_ARC = YES;
				CLANG_ENABLE_OBJC_WEAK = YES;
				CLANG_WARN_BLOCK_CAPTURE_AUTORELEASING = YES;
				CLANG_WARN_BOOL_CONVERSION = YES;
				CLANG_WARN_COMMA = YES;
				CLANG_WARN_CONSTANT_CONVERSION = YES;
				CLANG_WARN_DEPRECATED_OBJC_IMPLEMENTATIONS = YES;
				CLANG_WARN_DIRECT_OBJC_ISA_USAGE = YES_ERROR;
				CLANG_WARN_DOCUMENTATION_COMMENTS = YES;
				CLANG_WARN_EMPTY_BODY = YES;
				CLANG_WARN_ENUM_CONVERSION = YES;
				CLANG_WARN_INFINITE_RECURSION = YES;
				CLANG_WARN_INT_CONVERSION = YES;
				CLANG_WARN_NON_LITERAL_NULL_CONVERSION = YES;
				CLANG_WARN_OBJC_IMPLICIT_RETAIN_SELF = YES;
				CLANG_WARN_OBJC_LITERAL_CONVERSION = YES;
				CLANG_WARN_OBJC_ROOT_CLASS = YES_ERROR;
				CLANG_WARN_RANGE_LOOP_ANALYSIS = YES;
				CLANG_WARN_STRICT_PROTOTYPES = YES;
				CLANG_WARN_SUSPICIOUS_MOVE = YES;
				CLANG_WARN_UNGUARDED_AVAILABILITY = YES_AGGRESSIVE;
				CLANG_WARN_UNREACHABLE_CODE = YES;
				CLANG_WARN__DUPLICATE_METHOD_MATCH = YES;
				COPY_PHASE_STRIP = NO;
				DEBUG_INFORMATION_FORMAT = "dwarf-with-dsym";
				ENABLE_NS_ASSERTIONS = NO;
				ENABLE_STRICT_OBJC_MSGSEND = YES;
				GCC_C_LANGUAGE_STANDARD = gnu11;
				GCC_NO_COMMON_BLOCKS = YES;
				GCC_WARN_64_TO_32_BIT_CONVERSION = YES;
				GCC_WARN_ABOUT_RETURN_TYPE = YES_ERROR;
				GCC_WARN_UNDECLARED_SELECTOR = YES;
				GCC_WARN_UNINITIALIZED_AUTOS = YES_AGGRESSIVE;
				GCC_WARN_UNUSED_FUNCTION = YES;
				GCC_WARN_UNUSED_VARIABLE = YES;
				IPHONEOS_DEPLOYMENT_TARGET = 13.2;
				MTL_ENABLE_DEBUG_INFO = NO;
				MTL_FAST_MATH = YES;
				SDKROOT = iphoneos;
				SWIFT_COMPILATION_MODE = wholemodule;
				SWIFT_OPTIMIZATION_LEVEL = "-O";
				VALIDATE_PRODUCT = YES;
			};
			name = Release;
		};
		DD82E4E823A5A56E00141179 /* Debug */ = {
			isa = XCBuildConfiguration;
			buildSettings = {
				ASSETCATALOG_COMPILER_APPICON_NAME = AppIcon;
				CODE_SIGN_STYLE = Automatic;
				INFOPLIST_FILE = "X-WingDial/Info.plist";
				LD_RUNPATH_SEARCH_PATHS = (
					"$(inherited)",
					"@executable_path/Frameworks",
				);
				PRODUCT_BUNDLE_IDENTIFIER = "br.com.anykey.X-WingDial";
				PRODUCT_NAME = "$(TARGET_NAME)";
				SWIFT_VERSION = 5.0;
				TARGETED_DEVICE_FAMILY = "1,2";
			};
			name = Debug;
		};
		DD82E4E923A5A56E00141179 /* Release */ = {
			isa = XCBuildConfiguration;
			buildSettings = {
				ASSETCATALOG_COMPILER_APPICON_NAME = AppIcon;
				CODE_SIGN_STYLE = Automatic;
				INFOPLIST_FILE = "X-WingDial/Info.plist";
				LD_RUNPATH_SEARCH_PATHS = (
					"$(inherited)",
					"@executable_path/Frameworks",
				);
				PRODUCT_BUNDLE_IDENTIFIER = "br.com.anykey.X-WingDial";
				PRODUCT_NAME = "$(TARGET_NAME)";
				SWIFT_VERSION = 5.0;
				TARGETED_DEVICE_FAMILY = "1,2";
			};
			name = Release;
		};
		DD82E4EB23A5A56E00141179 /* Debug */ = {
			isa = XCBuildConfiguration;
			buildSettings = {
				ALWAYS_EMBED_SWIFT_STANDARD_LIBRARIES = YES;
				BUNDLE_LOADER = "$(TEST_HOST)";
				CODE_SIGN_STYLE = Automatic;
				INFOPLIST_FILE = "X-WingDialTests/Info.plist";
				IPHONEOS_DEPLOYMENT_TARGET = 13.2;
				LD_RUNPATH_SEARCH_PATHS = (
					"$(inherited)",
					"@executable_path/Frameworks",
					"@loader_path/Frameworks",
				);
				PRODUCT_BUNDLE_IDENTIFIER = "br.com.anykey.X-WingDialTests";
				PRODUCT_NAME = "$(TARGET_NAME)";
				SWIFT_VERSION = 5.0;
				TARGETED_DEVICE_FAMILY = "1,2";
				TEST_HOST = "$(BUILT_PRODUCTS_DIR)/X-WingDial.app/X-WingDial";
			};
			name = Debug;
		};
		DD82E4EC23A5A56E00141179 /* Release */ = {
			isa = XCBuildConfiguration;
			buildSettings = {
				ALWAYS_EMBED_SWIFT_STANDARD_LIBRARIES = YES;
				BUNDLE_LOADER = "$(TEST_HOST)";
				CODE_SIGN_STYLE = Automatic;
				INFOPLIST_FILE = "X-WingDialTests/Info.plist";
				IPHONEOS_DEPLOYMENT_TARGET = 13.2;
				LD_RUNPATH_SEARCH_PATHS = (
					"$(inherited)",
					"@executable_path/Frameworks",
					"@loader_path/Frameworks",
				);
				PRODUCT_BUNDLE_IDENTIFIER = "br.com.anykey.X-WingDialTests";
				PRODUCT_NAME = "$(TARGET_NAME)";
				SWIFT_VERSION = 5.0;
				TARGETED_DEVICE_FAMILY = "1,2";
				TEST_HOST = "$(BUILT_PRODUCTS_DIR)/X-WingDial.app/X-WingDial";
			};
			name = Release;
		};
/* End XCBuildConfiguration section */

/* Begin XCConfigurationList section */
		DD82E4C023A5A56C00141179 /* Build configuration list for PBXProject "X-WingDial" */ = {
			isa = XCConfigurationList;
			buildConfigurations = (
				DD82E4E523A5A56E00141179 /* Debug */,
				DD82E4E623A5A56E00141179 /* Release */,
			);
			defaultConfigurationIsVisible = 0;
			defaultConfigurationName = Release;
		};
		DD82E4E723A5A56E00141179 /* Build configuration list for PBXNativeTarget "X-WingDial" */ = {
			isa = XCConfigurationList;
			buildConfigurations = (
				DD82E4E823A5A56E00141179 /* Debug */,
				DD82E4E923A5A56E00141179 /* Release */,
			);
			defaultConfigurationIsVisible = 0;
			defaultConfigurationName = Release;
		};
		DD82E4EA23A5A56E00141179 /* Build configuration list for PBXNativeTarget "X-WingDialTests" */ = {
			isa = XCConfigurationList;
			buildConfigurations = (
				DD82E4EB23A5A56E00141179 /* Debug */,
				DD82E4EC23A5A56E00141179 /* Release */,
			);
			defaultConfigurationIsVisible = 0;
			defaultConfigurationName = Release;
		};
/* End XCConfigurationList section */

/* Begin XCRemoteSwiftPackageReference section */
		DDD0931C23A847BB000807B5 /* XCRemoteSwiftPackageReference "Reusable" */ = {
			isa = XCRemoteSwiftPackageReference;
			repositoryURL = "https://github.com/AliSoftware/Reusable";
			requirement = {
				branch = master;
				kind = branch;
			};
		};
		DDD0933123A989F6000807B5 /* XCRemoteSwiftPackageReference "Kingfisher" */ = {
			isa = XCRemoteSwiftPackageReference;
			repositoryURL = "https://github.com/onevcat/Kingfisher";
			requirement = {
				kind = upToNextMajorVersion;
				minimumVersion = 5.12.0;
			};
		};
		DDFD44E023A67DB2001E6004 /* XCRemoteSwiftPackageReference "SketchKit" */ = {
			isa = XCRemoteSwiftPackageReference;
			repositoryURL = "https://github.com/dogo/SketchKit";
			requirement = {
				kind = upToNextMajorVersion;
				minimumVersion = 1.0.0;
			};
		};
/* End XCRemoteSwiftPackageReference section */

/* Begin XCSwiftPackageProductDependency section */
		DDD0931D23A847BB000807B5 /* Reusable */ = {
			isa = XCSwiftPackageProductDependency;
			package = DDD0931C23A847BB000807B5 /* XCRemoteSwiftPackageReference "Reusable" */;
			productName = Reusable;
		};
		DDD0933223A989F6000807B5 /* Kingfisher */ = {
			isa = XCSwiftPackageProductDependency;
			package = DDD0933123A989F6000807B5 /* XCRemoteSwiftPackageReference "Kingfisher" */;
			productName = Kingfisher;
		};
		DDFD44E123A67DB2001E6004 /* SketchKit */ = {
			isa = XCSwiftPackageProductDependency;
			package = DDFD44E023A67DB2001E6004 /* XCRemoteSwiftPackageReference "SketchKit" */;
			productName = SketchKit;
		};
/* End XCSwiftPackageProductDependency section */
	};
	rootObject = DD82E4BD23A5A56C00141179 /* Project object */;
}
