{
  "object": {
    "pins": [
      {
        "package": "Kingfisher",
        "repositoryURL": "https://github.com/onevcat/Kingfisher",
        "state": {
          "branch": null,
          "revision": "44bfa76787a0f07e4d5ae3304e9d4f631fd519bd",
          "version": "5.13.0"
        }
      },
      {
        "package": "Reusable",
        "repositoryURL": "https://github.com/AliSoftware/Reusable",
        "state": {
          "branch": "master",
          "revision": "8d05d4ff9684e42975d1f5efe54eeaa76fa924c5",
          "version": null
        }
      },
      {
        "package": "SketchKit",
        "repositoryURL": "https://github.com/dogo/SketchKit",
        "state": {
          "branch": null,
          "revision": "55986ada51d2a5517cbd20bd85667d485a52273f",
          "version": "1.1.0"
        }
      }
    ]
  },
  "version": 1
}
