{
  "object": {
    "pins": [
      {
        "package": "Reusable",
        "repositoryURL": "https://github.com/AliSoftware/Reusable",
        "state": {
          "branch": "master",
          "revision": "8d05d4ff9684e42975d1f5efe54eeaa76fa924c5",
          "version": null
        }
      },
      {
        "package": "SketchKit",
        "repositoryURL": "https://github.com/dogo/SketchKit",
        "state": {
          "branch": null,
          "revision": "40642d6a971fb0c56e8e99a229717e5a98cdb41d",
          "version": "1.0.0"
        }
      }
    ]
  },
  "version": 1
}
